// !$*UTF8*$!
{
	archiveVersion = 1;
	classes = {
	};
	objectVersion = 77;
	objects = {

/* Begin PBXBuildFile section */
		04F80D40AF6BCDED47715F0D /* RendererFixtureView.swift in Sources */ = {isa = PBXBuildFile; fileRef = 39FD6738A52809A2381B5782 /* RendererFixtureView.swift */; };
		0B4F0465C5504F7CDF85D08D /* MopeliumMultimodal in Frameworks */ = {isa = PBXBuildFile; productRef = 7671BC9609B3A0339B3DA830 /* MopeliumMultimodal */; };
		25128F1D1C739084765EDA4B /* MopeliumProtocol in Frameworks */ = {isa = PBXBuildFile; productRef = 46D28E6C1B62478039B0BE2B /* MopeliumProtocol */; };
		298E9B16F5E3F9FC2867A880 /* MopeliumArtifacts in Frameworks */ = {isa = PBXBuildFile; productRef = C12BA0CC7547DB7648E741B4 /* MopeliumArtifacts */; };
		2DA779940F69FD35F52F0ED2 /* MopeliumSharedUI in Frameworks */ = {isa = PBXBuildFile; productRef = 4A28F7B2814740F8E664E07A /* MopeliumSharedUI */; };
		37BCC77CBD9A29A5C99647F5 /* MopeliumMacApp.swift in Sources */ = {isa = PBXBuildFile; fileRef = 4159E4A294DB4E31DC88B5E9 /* MopeliumMacApp.swift */; };
		3EB902E2652B35AAFEB50B5B /* MopeliumiOSApp.swift in Sources */ = {isa = PBXBuildFile; fileRef = 6ED26444A7D6E0D8CF22D2A4 /* MopeliumiOSApp.swift */; };
		498D0E8D04B401F8F44D6B8B /* MopeliumCowork in Frameworks */ = {isa = PBXBuildFile; productRef = F77C31409CA21575B5B2431B /* MopeliumCowork */; };
		53B2A8FE5A4B63539982E8AD /* ThirdPartyNotices in Resources */ = {isa = PBXBuildFile; fileRef = AA2E4701FAB0E684C1046863 /* ThirdPartyNotices */; };
		541886C070F27E49E9AA09B3 /* Localizable.xcstrings in Resources */ = {isa = PBXBuildFile; fileRef = D58223A9E9997F6C21C6309A /* Localizable.xcstrings */; };
		593EEDEC98EE12CE09E41E2F /* PhaseLSessionLifecycleFixtureView.swift in Sources */ = {isa = PBXBuildFile; fileRef = 491B968F58689B472918E210 /* PhaseLSessionLifecycleFixtureView.swift */; };
		5A6197C5A7B24970FF4E33DE /* MopeliumCore in Frameworks */ = {isa = PBXBuildFile; productRef = E93600A5543EF9CE814B024C /* MopeliumCore */; };
		5E3745DC2D33CF9F6032154B /* MopeliumPermission in Frameworks */ = {isa = PBXBuildFile; productRef = DD92F26B302B4C4E97B2D295 /* MopeliumPermission */; };
		5F4405504D59D1831448ED8A /* MopeliumTools in Frameworks */ = {isa = PBXBuildFile; productRef = C2DAF596DAB876CF435370C9 /* MopeliumTools */; };
		614CB0F2CEE3AFDC6A5A44FE /* MopeliumConversation in Frameworks */ = {isa = PBXBuildFile; productRef = 8A7A61A39CC2703718080561 /* MopeliumConversation */; };
		6E0955FBE876D015539CA9BD /* CoworkViewModel.swift in Sources */ = {isa = PBXBuildFile; fileRef = 83496C9439C59C717C001C40 /* CoworkViewModel.swift */; };
		7297D707B2BE1B5E98D63828 /* Keychain.swift in Sources */ = {isa = PBXBuildFile; fileRef = 09BA30B2F73E8C9C3CBEA49E /* Keychain.swift */; };
		7E80C9B9B39881669B9ACD00 /* CodeViewModel.swift in Sources */ = {isa = PBXBuildFile; fileRef = C49CFFCB543EB530987B95BE /* CodeViewModel.swift */; };
		8270E3EDED7FF1171668DD64 /* ThirdPartyNotices in Resources */ = {isa = PBXBuildFile; fileRef = AA2E4701FAB0E684C1046863 /* ThirdPartyNotices */; };
		833383B8CD8B3D7D8605E89D /* NOTICE.md in Resources */ = {isa = PBXBuildFile; fileRef = 603E5A9442F360CEC7B42022 /* NOTICE.md */; };
		87423254AEF555AF243CD607 /* NOTICE.md in Resources */ = {isa = PBXBuildFile; fileRef = 603E5A9442F360CEC7B42022 /* NOTICE.md */; };
		88E4B6FAA84C82FAAEA863E5 /* MopeliumConversation in Frameworks */ = {isa = PBXBuildFile; productRef = D40715313A2698AE8A0CC931 /* MopeliumConversation */; };
		9BEDD921C00464D38BF2B04D /* AppConfig.swift in Sources */ = {isa = PBXBuildFile; fileRef = 21E217A1CCCB4D4CBCE901CA /* AppConfig.swift */; };
		9E8B4A37BAE38C1546985498 /* PhaseCPermissionFixtureView.swift in Sources */ = {isa = PBXBuildFile; fileRef = 1C2391A46AE1DDC390018370 /* PhaseCPermissionFixtureView.swift */; };
		A3AACFA2F4CFB43E89F156B6 /* Settings.bundle in Resources */ = {isa = PBXBuildFile; fileRef = D376C323DF08941EE7250C3B /* Settings.bundle */; };
		A9B5F036100B87D8876D6A4A /* Localizable.xcstrings in Resources */ = {isa = PBXBuildFile; fileRef = D58223A9E9997F6C21C6309A /* Localizable.xcstrings */; };
		AA6DBE0219CC59B4A99CC3F6 /* MopeliumMultimodal in Frameworks */ = {isa = PBXBuildFile; productRef = A941CD5FFBB736770F9ED3D4 /* MopeliumMultimodal */; };
		B25DF3EF2F5CBBA542C94D7A /* MopeliumProviders in Frameworks */ = {isa = PBXBuildFile; productRef = 13A6FDC6E7E37C60BE2AD518 /* MopeliumProviders */; };
		B4A104872773281EF29A2380 /* IOSConfig.swift in Sources */ = {isa = PBXBuildFile; fileRef = FE21324E3C36ABE785F267B5 /* IOSConfig.swift */; };
		B7980F6731E122FBA10629DC /* MopeliumChatScreen.swift in Sources */ = {isa = PBXBuildFile; fileRef = B3FB340774B3C60336433749 /* MopeliumChatScreen.swift */; };
		BA16170866029DABA0E720DB /* SessionRuntimeManager.swift in Sources */ = {isa = PBXBuildFile; fileRef = 3B87922FFC069C08F9DB62F4 /* SessionRuntimeManager.swift */; };
		BAA4FD7B4AAFB7CDE418FE75 /* MopeliumMacRootView.swift in Sources */ = {isa = PBXBuildFile; fileRef = AD6860F6E827A38A42A962B5 /* MopeliumMacRootView.swift */; };
		BD224E7A2A4F8487EC1DF107 /* MopeliumProviders in Frameworks */ = {isa = PBXBuildFile; productRef = 5087FDB1CD6C6569B39F1723 /* MopeliumProviders */; };
		BEA4B3DE22C8D3AF9FD42F5A /* MopeliumArtifacts in Frameworks */ = {isa = PBXBuildFile; productRef = 2CED2D9B18DB0763B83FB96C /* MopeliumArtifacts */; };
		CB27DB9FAC92A832313C93C0 /* MopeliumAgentKernel in Frameworks */ = {isa = PBXBuildFile; productRef = 1254D3C4DF3E10040DE777B2 /* MopeliumAgentKernel */; };
		D84B84C8212C7F6ABCB01614 /* CoworkProjectSettings.swift in Sources */ = {isa = PBXBuildFile; fileRef = AC70A873814CE3AA783C22CC /* CoworkProjectSettings.swift */; };
		DA0A096CE8E034527814C9D7 /* MopeliumSharedUI in Frameworks */ = {isa = PBXBuildFile; productRef = C80EF403258D4BF6002D9883 /* MopeliumSharedUI */; };
		DEACC40311C3310165BE8E04 /* MopeliumDesign.swift in Sources */ = {isa = PBXBuildFile; fileRef = 6AC9B53F03FED2B3C1621532 /* MopeliumDesign.swift */; };
		DF21D47EC83F9DDC2A7D034E /* Keychain.swift in Sources */ = {isa = PBXBuildFile; fileRef = B60413D391715E7F8EDD65F3 /* Keychain.swift */; };
		E1B2255B941029DDF056ED88 /* Workspace.swift in Sources */ = {isa = PBXBuildFile; fileRef = 26BDFA232EF925FDE2D6559C /* Workspace.swift */; };
		E67DD315D770CB4064EFB5B2 /* MopeliumCore in Frameworks */ = {isa = PBXBuildFile; productRef = 95811639273B2BC9D1395FB2 /* MopeliumCore */; };
		E97E176E97CBBC5762464E67 /* InfoPlist.strings in Resources */ = {isa = PBXBuildFile; fileRef = E2BDE1D771F31D2D97BE2BF4 /* InfoPlist.strings */; };
		F258CAB6AE138DB99627089E /* MopeliumProtocol in Frameworks */ = {isa = PBXBuildFile; productRef = 00CC44DD55E6240529B0BA4E /* MopeliumProtocol */; };
		F435022430E79F385C7DC98C /* AppInferenceCatalog.swift in Sources */ = {isa = PBXBuildFile; fileRef = DFBB448A6A653518BB733D3E /* AppInferenceCatalog.swift */; };
/* End PBXBuildFile section */

/* Begin PBXFileReference section */
		09BA30B2F73E8C9C3CBEA49E /* Keychain.swift */ = {isa = PBXFileReference; lastKnownFileType = sourcecode.swift; path = Keychain.swift; sourceTree = "<group>"; };
		1C2391A46AE1DDC390018370 /* PhaseCPermissionFixtureView.swift */ = {isa = PBXFileReference; lastKnownFileType = sourcecode.swift; path = PhaseCPermissionFixtureView.swift; sourceTree = "<group>"; };
		21E217A1CCCB4D4CBCE901CA /* AppConfig.swift */ = {isa = PBXFileReference; lastKnownFileType = sourcecode.swift; path = AppConfig.swift; sourceTree = "<group>"; };
		26BDFA232EF925FDE2D6559C /* Workspace.swift */ = {isa = PBXFileReference; lastKnownFileType = sourcecode.swift; path = Workspace.swift; sourceTree = "<group>"; };
		39FD6738A52809A2381B5782 /* RendererFixtureView.swift */ = {isa = PBXFileReference; lastKnownFileType = sourcecode.swift; path = RendererFixtureView.swift; sourceTree = "<group>"; };
		3B87922FFC069C08F9DB62F4 /* SessionRuntimeManager.swift */ = {isa = PBXFileReference; lastKnownFileType = sourcecode.swift; path = SessionRuntimeManager.swift; sourceTree = "<group>"; };
		402152713FADB46F85757D54 /* zh-Hans */ = {isa = PBXFileReference; lastKnownFileType = text.plist.strings; name = "zh-Hans"; path = "zh-Hans.lproj/InfoPlist.strings"; sourceTree = "<group>"; };
		4159E4A294DB4E31DC88B5E9 /* MopeliumMacApp.swift */ = {isa = PBXFileReference; lastKnownFileType = sourcecode.swift; path = MopeliumMacApp.swift; sourceTree = "<group>"; };
		491B968F58689B472918E210 /* PhaseLSessionLifecycleFixtureView.swift */ = {isa = PBXFileReference; lastKnownFileType = sourcecode.swift; path = PhaseLSessionLifecycleFixtureView.swift; sourceTree = "<group>"; };
		603E5A9442F360CEC7B42022 /* NOTICE.md */ = {isa = PBXFileReference; lastKnownFileType = net.daringfireball.markdown; path = NOTICE.md; sourceTree = "<group>"; };
		6AC9B53F03FED2B3C1621532 /* MopeliumDesign.swift */ = {isa = PBXFileReference; lastKnownFileType = sourcecode.swift; path = MopeliumDesign.swift; sourceTree = "<group>"; };
		6ED26444A7D6E0D8CF22D2A4 /* MopeliumiOSApp.swift */ = {isa = PBXFileReference; lastKnownFileType = sourcecode.swift; path = MopeliumiOSApp.swift; sourceTree = "<group>"; };
		83496C9439C59C717C001C40 /* CoworkViewModel.swift */ = {isa = PBXFileReference; lastKnownFileType = sourcecode.swift; path = CoworkViewModel.swift; sourceTree = "<group>"; };
		AA2E4701FAB0E684C1046863 /* ThirdPartyNotices */ = {isa = PBXFileReference; lastKnownFileType = folder; path = ThirdPartyNotices; sourceTree = SOURCE_ROOT; };
		AC70A873814CE3AA783C22CC /* CoworkProjectSettings.swift */ = {isa = PBXFileReference; lastKnownFileType = sourcecode.swift; path = CoworkProjectSettings.swift; sourceTree = "<group>"; };
		AD6860F6E827A38A42A962B5 /* MopeliumMacRootView.swift */ = {isa = PBXFileReference; lastKnownFileType = sourcecode.swift; path = MopeliumMacRootView.swift; sourceTree = "<group>"; };
		B38FCB82B8A31D9982A4C9F0 /* en */ = {isa = PBXFileReference; lastKnownFileType = text.plist.strings; name = en; path = en.lproj/InfoPlist.strings; sourceTree = "<group>"; };
		B3FB340774B3C60336433749 /* MopeliumChatScreen.swift */ = {isa = PBXFileReference; lastKnownFileType = sourcecode.swift; path = MopeliumChatScreen.swift; sourceTree = "<group>"; };
		B60413D391715E7F8EDD65F3 /* Keychain.swift */ = {isa = PBXFileReference; lastKnownFileType = sourcecode.swift; path = Keychain.swift; sourceTree = "<group>"; };
		C49CFFCB543EB530987B95BE /* CodeViewModel.swift */ = {isa = PBXFileReference; lastKnownFileType = sourcecode.swift; path = CodeViewModel.swift; sourceTree = "<group>"; };
		D376C323DF08941EE7250C3B /* Settings.bundle */ = {isa = PBXFileReference; lastKnownFileType = wrapper.cfbundle; path = Settings.bundle; sourceTree = "<group>"; };
		D39BB9AF75966BBB7DB91F2F /* MopeliumMac.app */ = {isa = PBXFileReference; explicitFileType = wrapper.application; includeInIndex = 0; path = MopeliumMac.app; sourceTree = BUILT_PRODUCTS_DIR; };
		D58223A9E9997F6C21C6309A /* Localizable.xcstrings */ = {isa = PBXFileReference; lastKnownFileType = text.json.xcstrings; path = Localizable.xcstrings; sourceTree = "<group>"; };
		DFBB448A6A653518BB733D3E /* AppInferenceCatalog.swift */ = {isa = PBXFileReference; lastKnownFileType = sourcecode.swift; path = AppInferenceCatalog.swift; sourceTree = "<group>"; };
		EE54DEC57C8F85ED5C525FB9 /* Mopelium */ = {isa = PBXFileReference; lastKnownFileType = folder; name = Mopelium; path = .; sourceTree = SOURCE_ROOT; };
		F68EB985090B39D51090CB33 /* MopeliumiOS.app */ = {isa = PBXFileReference; includeInIndex = 0; lastKnownFileType = wrapper.application; path = MopeliumiOS.app; sourceTree = BUILT_PRODUCTS_DIR; };
		FE21324E3C36ABE785F267B5 /* IOSConfig.swift */ = {isa = PBXFileReference; lastKnownFileType = sourcecode.swift; path = IOSConfig.swift; sourceTree = "<group>"; };
/* End PBXFileReference section */

/* Begin PBXFrameworksBuildPhase section */
		081372B032DBCC1113B37F83 /* Frameworks */ = {
			isa = PBXFrameworksBuildPhase;
			buildActionMask = 2147483647;
			files = (
				E67DD315D770CB4064EFB5B2 /* MopeliumCore in Frameworks */,
				25128F1D1C739084765EDA4B /* MopeliumProtocol in Frameworks */,
				B25DF3EF2F5CBBA542C94D7A /* MopeliumProviders in Frameworks */,
				88E4B6FAA84C82FAAEA863E5 /* MopeliumConversation in Frameworks */,
				BEA4B3DE22C8D3AF9FD42F5A /* MopeliumArtifacts in Frameworks */,
				AA6DBE0219CC59B4A99CC3F6 /* MopeliumMultimodal in Frameworks */,
				2DA779940F69FD35F52F0ED2 /* MopeliumSharedUI in Frameworks */,
			);
			runOnlyForDeploymentPostprocessing = 0;
		};
		339A1C7FD98083028E2567D5 /* Frameworks */ = {
			isa = PBXFrameworksBuildPhase;
			buildActionMask = 2147483647;
			files = (
				5A6197C5A7B24970FF4E33DE /* MopeliumCore in Frameworks */,
				F258CAB6AE138DB99627089E /* MopeliumProtocol in Frameworks */,
				BD224E7A2A4F8487EC1DF107 /* MopeliumProviders in Frameworks */,
				614CB0F2CEE3AFDC6A5A44FE /* MopeliumConversation in Frameworks */,
				298E9B16F5E3F9FC2867A880 /* MopeliumArtifacts in Frameworks */,
				0B4F0465C5504F7CDF85D08D /* MopeliumMultimodal in Frameworks */,
				DA0A096CE8E034527814C9D7 /* MopeliumSharedUI in Frameworks */,
				5F4405504D59D1831448ED8A /* MopeliumTools in Frameworks */,
				5E3745DC2D33CF9F6032154B /* MopeliumPermission in Frameworks */,
				CB27DB9FAC92A832313C93C0 /* MopeliumAgentKernel in Frameworks */,
				498D0E8D04B401F8F44D6B8B /* MopeliumCowork in Frameworks */,
			);
			runOnlyForDeploymentPostprocessing = 0;
		};
/* End PBXFrameworksBuildPhase section */

/* Begin PBXGroup section */
		19708B2F2FF62874B12FFA3B /* Sources */ = {
			isa = PBXGroup;
			children = (
				FE21324E3C36ABE785F267B5 /* IOSConfig.swift */,
				B60413D391715E7F8EDD65F3 /* Keychain.swift */,
				6ED26444A7D6E0D8CF22D2A4 /* MopeliumiOSApp.swift */,
			);
			path = Sources;
			sourceTree = "<group>";
		};
		1E09FB8692F66B3574135A93 /* MopeliumiOS */ = {
			isa = PBXGroup;
			children = (
				FD67F0D83B4F2A57289CAC28 /* Resources */,
				19708B2F2FF62874B12FFA3B /* Sources */,
			);
			path = MopeliumiOS;
			sourceTree = "<group>";
		};
		330FA36CFA35F678F42BD6B7 = {
			isa = PBXGroup;
			children = (
				603E5A9442F360CEC7B42022 /* NOTICE.md */,
				AA2E4701FAB0E684C1046863 /* ThirdPartyNotices */,
				484262032AE6228DDEB597F9 /* Apps */,
				C7FE594A72E7F9E4110CAEC1 /* Internal Modules */,
				4A6F0D9E584293A2ACC1C229 /* Products */,
			);
			sourceTree = "<group>";
		};
		484262032AE6228DDEB597F9 /* Apps */ = {
			isa = PBXGroup;
			children = (
				1E09FB8692F66B3574135A93 /* MopeliumiOS */,
				560D9714B0562E88F4B2881A /* MopeliumMac */,
				B4BB79E2B4617FD1EB7EDC25 /* SharedResources */,
			);
			path = Apps;
			sourceTree = "<group>";
		};
		4A6F0D9E584293A2ACC1C229 /* Products */ = {
			isa = PBXGroup;
			children = (
				F68EB985090B39D51090CB33 /* MopeliumiOS.app */,
				D39BB9AF75966BBB7DB91F2F /* MopeliumMac.app */,
			);
			name = Products;
			sourceTree = "<group>";
		};
		560D9714B0562E88F4B2881A /* MopeliumMac */ = {
			isa = PBXGroup;
			children = (
				FB5F1986A7EB579C3920FB4D /* Sources */,
			);
			path = MopeliumMac;
			sourceTree = "<group>";
		};
		B4BB79E2B4617FD1EB7EDC25 /* SharedResources */ = {
			isa = PBXGroup;
			children = (
				D58223A9E9997F6C21C6309A /* Localizable.xcstrings */,
			);
			path = SharedResources;
			sourceTree = "<group>";
		};
		C7FE594A72E7F9E4110CAEC1 /* Internal Modules */ = {
			isa = PBXGroup;
			children = (
				EE54DEC57C8F85ED5C525FB9 /* Mopelium */,
			);
			name = "Internal Modules";
			sourceTree = "<group>";
		};
		FB5F1986A7EB579C3920FB4D /* Sources */ = {
			isa = PBXGroup;
			children = (
				21E217A1CCCB4D4CBCE901CA /* AppConfig.swift */,
				DFBB448A6A653518BB733D3E /* AppInferenceCatalog.swift */,
				C49CFFCB543EB530987B95BE /* CodeViewModel.swift */,
				AC70A873814CE3AA783C22CC /* CoworkProjectSettings.swift */,
				83496C9439C59C717C001C40 /* CoworkViewModel.swift */,
				09BA30B2F73E8C9C3CBEA49E /* Keychain.swift */,
				B3FB340774B3C60336433749 /* MopeliumChatScreen.swift */,
				6AC9B53F03FED2B3C1621532 /* MopeliumDesign.swift */,
				4159E4A294DB4E31DC88B5E9 /* MopeliumMacApp.swift */,
				AD6860F6E827A38A42A962B5 /* MopeliumMacRootView.swift */,
				1C2391A46AE1DDC390018370 /* PhaseCPermissionFixtureView.swift */,
				491B968F58689B472918E210 /* PhaseLSessionLifecycleFixtureView.swift */,
				39FD6738A52809A2381B5782 /* RendererFixtureView.swift */,
				3B87922FFC069C08F9DB62F4 /* SessionRuntimeManager.swift */,
				26BDFA232EF925FDE2D6559C /* Workspace.swift */,
			);
			path = Sources;
			sourceTree = "<group>";
		};
		FD67F0D83B4F2A57289CAC28 /* Resources */ = {
			isa = PBXGroup;
			children = (
				D376C323DF08941EE7250C3B /* Settings.bundle */,
				E2BDE1D771F31D2D97BE2BF4 /* InfoPlist.strings */,
			);
			path = Resources;
			sourceTree = "<group>";
		};
/* End PBXGroup section */

/* Begin PBXNativeTarget section */
		561A3994A8C56A28BC69B929 /* MopeliumiOS */ = {
			isa = PBXNativeTarget;
			buildConfigurationList = 743C03E7EF8978F6963E2602 /* Build configuration list for PBXNativeTarget "MopeliumiOS" */;
			buildPhases = (
				52C0592B3E1CCFD8C7D719F8 /* Sources */,
				894415D247CBD3C16DBF7CA3 /* Resources */,
				081372B032DBCC1113B37F83 /* Frameworks */,
			);
			buildRules = (
			);
			dependencies = (
			);
			name = MopeliumiOS;
			packageProductDependencies = (
				95811639273B2BC9D1395FB2 /* MopeliumCore */,
				46D28E6C1B62478039B0BE2B /* MopeliumProtocol */,
				13A6FDC6E7E37C60BE2AD518 /* MopeliumProviders */,
				D40715313A2698AE8A0CC931 /* MopeliumConversation */,
				2CED2D9B18DB0763B83FB96C /* MopeliumArtifacts */,
				A941CD5FFBB736770F9ED3D4 /* MopeliumMultimodal */,
				4A28F7B2814740F8E664E07A /* MopeliumSharedUI */,
			);
			productName = MopeliumiOS;
			productReference = F68EB985090B39D51090CB33 /* MopeliumiOS.app */;
			productType = "com.apple.product-type.application";
		};
		5C630EF813592A5124C78013 /* MopeliumMac */ = {
			isa = PBXNativeTarget;
			buildConfigurationList = 2C5FDFBFB17522754A052C51 /* Build configuration list for PBXNativeTarget "MopeliumMac" */;
			buildPhases = (
				3E948B70EA160A703E0F5F36 /* Sources */,
				8DEC54643FAB0C3C3703C1FB /* Resources */,
				339A1C7FD98083028E2567D5 /* Frameworks */,
			);
			buildRules = (
			);
			dependencies = (
			);
			name = MopeliumMac;
			packageProductDependencies = (
				E93600A5543EF9CE814B024C /* MopeliumCore */,
				00CC44DD55E6240529B0BA4E /* MopeliumProtocol */,
				5087FDB1CD6C6569B39F1723 /* MopeliumProviders */,
				8A7A61A39CC2703718080561 /* MopeliumConversation */,
				C12BA0CC7547DB7648E741B4 /* MopeliumArtifacts */,
				7671BC9609B3A0339B3DA830 /* MopeliumMultimodal */,
				C80EF403258D4BF6002D9883 /* MopeliumSharedUI */,
				C2DAF596DAB876CF435370C9 /* MopeliumTools */,
				DD92F26B302B4C4E97B2D295 /* MopeliumPermission */,
				1254D3C4DF3E10040DE777B2 /* MopeliumAgentKernel */,
				F77C31409CA21575B5B2431B /* MopeliumCowork */,
			);
			productName = MopeliumMac;
			productReference = D39BB9AF75966BBB7DB91F2F /* MopeliumMac.app */;
			productType = "com.apple.product-type.application";
		};
/* End PBXNativeTarget section */

/* Begin PBXProject section */
		9B25C0FD0AB46E6132DC036B /* Project object */ = {
			isa = PBXProject;
			attributes = {
				BuildIndependentTargetsInParallel = YES;
				LastUpgradeCheck = 1430;
				TargetAttributes = {
					561A3994A8C56A28BC69B929 = {
						ProvisioningStyle = Automatic;
					};
					5C630EF813592A5124C78013 = {
						ProvisioningStyle = Automatic;
					};
				};
			};
			buildConfigurationList = 5D7DA4ED04398B774794E728 /* Build configuration list for PBXProject "Mopelium" */;
			developmentRegion = en;
			hasScannedForEncodings = 0;
			knownRegions = (
				Base,
				en,
				"zh-Hans",
			);
			mainGroup = 330FA36CFA35F678F42BD6B7;
			minimizedProjectReferenceProxies = 1;
			packageReferences = (
				B852B815446C431020EB02EE /* XCLocalSwiftPackageReference "." */,
			);
			preferredProjectObjectVersion = 77;
			productRefGroup = 4A6F0D9E584293A2ACC1C229 /* Products */;
			projectDirPath = "";
			projectRoot = "";
			targets = (
				5C630EF813592A5124C78013 /* MopeliumMac */,
				561A3994A8C56A28BC69B929 /* MopeliumiOS */,
			);
		};
/* End PBXProject section */

/* Begin PBXResourcesBuildPhase section */
		894415D247CBD3C16DBF7CA3 /* Resources */ = {
			isa = PBXResourcesBuildPhase;
			buildActionMask = 2147483647;
			files = (
				E97E176E97CBBC5762464E67 /* InfoPlist.strings in Resources */,
				541886C070F27E49E9AA09B3 /* Localizable.xcstrings in Resources */,
				833383B8CD8B3D7D8605E89D /* NOTICE.md in Resources */,
				A3AACFA2F4CFB43E89F156B6 /* Settings.bundle in Resources */,
				8270E3EDED7FF1171668DD64 /* ThirdPartyNotices in Resources */,
			);
			runOnlyForDeploymentPostprocessing = 0;
		};
		8DEC54643FAB0C3C3703C1FB /* Resources */ = {
			isa = PBXResourcesBuildPhase;
			buildActionMask = 2147483647;
			files = (
				A9B5F036100B87D8876D6A4A /* Localizable.xcstrings in Resources */,
				87423254AEF555AF243CD607 /* NOTICE.md in Resources */,
				53B2A8FE5A4B63539982E8AD /* ThirdPartyNotices in Resources */,
			);
			runOnlyForDeploymentPostprocessing = 0;
		};
/* End PBXResourcesBuildPhase section */

/* Begin PBXSourcesBuildPhase section */
		3E948B70EA160A703E0F5F36 /* Sources */ = {
			isa = PBXSourcesBuildPhase;
			buildActionMask = 2147483647;
			files = (
				9BEDD921C00464D38BF2B04D /* AppConfig.swift in Sources */,
				F435022430E79F385C7DC98C /* AppInferenceCatalog.swift in Sources */,
				7E80C9B9B39881669B9ACD00 /* CodeViewModel.swift in Sources */,
				D84B84C8212C7F6ABCB01614 /* CoworkProjectSettings.swift in Sources */,
				6E0955FBE876D015539CA9BD /* CoworkViewModel.swift in Sources */,
				7297D707B2BE1B5E98D63828 /* Keychain.swift in Sources */,
				B7980F6731E122FBA10629DC /* MopeliumChatScreen.swift in Sources */,
				DEACC40311C3310165BE8E04 /* MopeliumDesign.swift in Sources */,
				37BCC77CBD9A29A5C99647F5 /* MopeliumMacApp.swift in Sources */,
				BAA4FD7B4AAFB7CDE418FE75 /* MopeliumMacRootView.swift in Sources */,
				9E8B4A37BAE38C1546985498 /* PhaseCPermissionFixtureView.swift in Sources */,
				593EEDEC98EE12CE09E41E2F /* PhaseLSessionLifecycleFixtureView.swift in Sources */,
				04F80D40AF6BCDED47715F0D /* RendererFixtureView.swift in Sources */,
				BA16170866029DABA0E720DB /* SessionRuntimeManager.swift in Sources */,
				E1B2255B941029DDF056ED88 /* Workspace.swift in Sources */,
			);
			runOnlyForDeploymentPostprocessing = 0;
		};
		52C0592B3E1CCFD8C7D719F8 /* Sources */ = {
			isa = PBXSourcesBuildPhase;
			buildActionMask = 2147483647;
			files = (
				B4A104872773281EF29A2380 /* IOSConfig.swift in Sources */,
				DF21D47EC83F9DDC2A7D034E /* Keychain.swift in Sources */,
				3EB902E2652B35AAFEB50B5B /* MopeliumiOSApp.swift in Sources */,
			);
			runOnlyForDeploymentPostprocessing = 0;
		};
/* End PBXSourcesBuildPhase section */

/* Begin PBXVariantGroup section */
		E2BDE1D771F31D2D97BE2BF4 /* InfoPlist.strings */ = {
			isa = PBXVariantGroup;
			children = (
				B38FCB82B8A31D9982A4C9F0 /* en */,
				402152713FADB46F85757D54 /* zh-Hans */,
			);
			name = InfoPlist.strings;
			sourceTree = "<group>";
		};
/* End PBXVariantGroup section */

/* Begin XCBuildConfiguration section */
		07BCD9C792C9EC5C8D89FD5B /* Release */ = {
			isa = XCBuildConfiguration;
			buildSettings = {
				ALWAYS_SEARCH_USER_PATHS = NO;
				CLANG_ANALYZER_NONNULL = YES;
				CLANG_ANALYZER_NUMBER_OBJECT_CONVERSION = YES_AGGRESSIVE;
				CLANG_CXX_LANGUAGE_STANDARD = "gnu++14";
				CLANG_CXX_LIBRARY = "libc++";
				CLANG_ENABLE_MODULES = YES;
				CLANG_ENABLE_OBJC_ARC = YES;
				CLANG_ENABLE_OBJC_WEAK = YES;
				CLANG_WARN_BLOCK_CAPTURE_AUTORELEASING = YES;
				CLANG_WARN_BOOL_CONVERSION = YES;
				CLANG_WARN_COMMA = YES;
				CLANG_WARN_CONSTANT_CONVERSION = YES;
				CLANG_WARN_DEPRECATED_OBJC_IMPLEMENTATIONS = YES;
				CLANG_WARN_DIRECT_OBJC_ISA_USAGE = YES_ERROR;
				CLANG_WARN_DOCUMENTATION_COMMENTS = YES;
				CLANG_WARN_EMPTY_BODY = YES;
				CLANG_WARN_ENUM_CONVERSION = YES;
				CLANG_WARN_INFINITE_RECURSION = YES;
				CLANG_WARN_INT_CONVERSION = YES;
				CLANG_WARN_NON_LITERAL_NULL_CONVERSION = YES;
				CLANG_WARN_OBJC_IMPLICIT_RETAIN_SELF = YES;
				CLANG_WARN_OBJC_LITERAL_CONVERSION = YES;
				CLANG_WARN_OBJC_ROOT_CLASS = YES_ERROR;
				CLANG_WARN_QUOTED_INCLUDE_IN_FRAMEWORK_HEADER = YES;
				CLANG_WARN_RANGE_LOOP_ANALYSIS = YES;
				CLANG_WARN_STRICT_PROTOTYPES = YES;
				CLANG_WARN_SUSPICIOUS_MOVE = YES;
				CLANG_WARN_UNGUARDED_AVAILABILITY = YES_AGGRESSIVE;
				CLANG_WARN_UNREACHABLE_CODE = YES;
				CLANG_WARN__DUPLICATE_METHOD_MATCH = YES;
				CODE_SIGN_STYLE = Automatic;
				COPY_PHASE_STRIP = NO;
				CURRENT_PROJECT_VERSION = 1;
				DEBUG_INFORMATION_FORMAT = "dwarf-with-dsym";
				ENABLE_HARDENED_RUNTIME = YES;
				ENABLE_NS_ASSERTIONS = NO;
				ENABLE_STRICT_OBJC_MSGSEND = YES;
				GCC_C_LANGUAGE_STANDARD = gnu11;
				GCC_NO_COMMON_BLOCKS = YES;
				GCC_WARN_64_TO_32_BIT_CONVERSION = YES;
				GCC_WARN_ABOUT_RETURN_TYPE = YES_ERROR;
				GCC_WARN_UNDECLARED_SELECTOR = YES;
				GCC_WARN_UNINITIALIZED_AUTOS = YES_AGGRESSIVE;
				GCC_WARN_UNUSED_FUNCTION = YES;
				GCC_WARN_UNUSED_VARIABLE = YES;
				GENERATE_INFOPLIST_FILE = NO;
				IPHONEOS_DEPLOYMENT_TARGET = 26.0;
				MACOSX_DEPLOYMENT_TARGET = 26.0;
				MARKETING_VERSION = 0.12;
				MTL_ENABLE_DEBUG_INFO = NO;
				MTL_FAST_MATH = YES;
				PRODUCT_NAME = "$(TARGET_NAME)";
				SWIFT_COMPILATION_MODE = wholemodule;
				SWIFT_OPTIMIZATION_LEVEL = "-O";
				SWIFT_VERSION = 5.9;
			};
			name = Release;
		};
		2AEB1B2F559794208B004E2F /* Debug */ = {
			isa = XCBuildConfiguration;
			buildSettings = {
				ASSETCATALOG_COMPILER_APPICON_NAME = AppIcon;
				CODE_SIGN_ENTITLEMENTS = Apps/MopeliumMac/MopeliumMac.DeveloperID.entitlements;
				COMBINE_HIDPI_IMAGES = YES;
				GENERATE_INFOPLIST_FILE = YES;
				INFOPLIST_KEY_CFBundleDisplayName = Mopelium;
				INFOPLIST_KEY_LSApplicationCategoryType = "public.app-category.developer-tools";
				INFOPLIST_KEY_NSHumanReadableCopyright = "Copyright © 2026 Mopelium contributors. See NOTICE.md.";
				LD_RUNPATH_SEARCH_PATHS = (
					"$(inherited)",
					"@executable_path/../Frameworks",
				);
				PRODUCT_BUNDLE_IDENTIFIER = com.Vita0818.MopeliumMac;
				SDKROOT = macosx;
			};
			name = Debug;
		};
		6F620BEBD7B93D59660AF169 /* Release */ = {
			isa = XCBuildConfiguration;
			buildSettings = {
				ASSETCATALOG_COMPILER_APPICON_NAME = AppIcon;
				CODE_SIGN_IDENTITY = "iPhone Developer";
				GENERATE_INFOPLIST_FILE = YES;
				INFOPLIST_KEY_CFBundleDisplayName = Mopelium;
				INFOPLIST_KEY_NSMicrophoneUsageDescription = "Mopelium uses the microphone for voice input transcription.";
				INFOPLIST_KEY_UILaunchScreen_Generation = YES;
				LD_RUNPATH_SEARCH_PATHS = (
					"$(inherited)",
					"@executable_path/Frameworks",
				);
				PRODUCT_BUNDLE_IDENTIFIER = com.Vita0818.Mopelium;
				SDKROOT = iphoneos;
				TARGETED_DEVICE_FAMILY = "1,2";
			};
			name = Release;
		};
		85BEFC5DEC4311D124C02674 /* Debug */ = {
			isa = XCBuildConfiguration;
			buildSettings = {
				ASSETCATALOG_COMPILER_APPICON_NAME = AppIcon;
				CODE_SIGN_IDENTITY = "iPhone Developer";
				GENERATE_INFOPLIST_FILE = YES;
				INFOPLIST_KEY_CFBundleDisplayName = Mopelium;
				INFOPLIST_KEY_NSMicrophoneUsageDescription = "Mopelium uses the microphone for voice input transcription.";
				INFOPLIST_KEY_UILaunchScreen_Generation = YES;
				LD_RUNPATH_SEARCH_PATHS = (
					"$(inherited)",
					"@executable_path/Frameworks",
				);
				PRODUCT_BUNDLE_IDENTIFIER = com.Vita0818.Mopelium;
				SDKROOT = iphoneos;
				TARGETED_DEVICE_FAMILY = "1,2";
			};
			name = Debug;
		};
		BB96B53CFBA23E96D8711D05 /* Debug */ = {
			isa = XCBuildConfiguration;
			buildSettings = {
				ALWAYS_SEARCH_USER_PATHS = NO;
				CLANG_ANALYZER_NONNULL = YES;
				CLANG_ANALYZER_NUMBER_OBJECT_CONVERSION = YES_AGGRESSIVE;
				CLANG_CXX_LANGUAGE_STANDARD = "gnu++14";
				CLANG_CXX_LIBRARY = "libc++";
				CLANG_ENABLE_MODULES = YES;
				CLANG_ENABLE_OBJC_ARC = YES;
				CLANG_ENABLE_OBJC_WEAK = YES;
				CLANG_WARN_BLOCK_CAPTURE_AUTORELEASING = YES;
				CLANG_WARN_BOOL_CONVERSION = YES;
				CLANG_WARN_COMMA = YES;
				CLANG_WARN_CONSTANT_CONVERSION = YES;
				CLANG_WARN_DEPRECATED_OBJC_IMPLEMENTATIONS = YES;
				CLANG_WARN_DIRECT_OBJC_ISA_USAGE = YES_ERROR;
				CLANG_WARN_DOCUMENTATION_COMMENTS = YES;
				CLANG_WARN_EMPTY_BODY = YES;
				CLANG_WARN_ENUM_CONVERSION = YES;
				CLANG_WARN_INFINITE_RECURSION = YES;
				CLANG_WARN_INT_CONVERSION = YES;
				CLANG_WARN_NON_LITERAL_NULL_CONVERSION = YES;
				CLANG_WARN_OBJC_IMPLICIT_RETAIN_SELF = YES;
				CLANG_WARN_OBJC_LITERAL_CONVERSION = YES;
				CLANG_WARN_OBJC_ROOT_CLASS = YES_ERROR;
				CLANG_WARN_QUOTED_INCLUDE_IN_FRAMEWORK_HEADER = YES;
				CLANG_WARN_RANGE_LOOP_ANALYSIS = YES;
				CLANG_WARN_STRICT_PROTOTYPES = YES;
				CLANG_WARN_SUSPICIOUS_MOVE = YES;
				CLANG_WARN_UNGUARDED_AVAILABILITY = YES_AGGRESSIVE;
				CLANG_WARN_UNREACHABLE_CODE = YES;
				CLANG_WARN__DUPLICATE_METHOD_MATCH = YES;
				CODE_SIGN_STYLE = Automatic;
				COPY_PHASE_STRIP = NO;
				CURRENT_PROJECT_VERSION = 1;
				DEBUG_INFORMATION_FORMAT = dwarf;
				ENABLE_HARDENED_RUNTIME = YES;
				ENABLE_STRICT_OBJC_MSGSEND = YES;
				ENABLE_TESTABILITY = YES;
				GCC_C_LANGUAGE_STANDARD = gnu11;
				GCC_DYNAMIC_NO_PIC = NO;
				GCC_NO_COMMON_BLOCKS = YES;
				GCC_OPTIMIZATION_LEVEL = 0;
				GCC_PREPROCESSOR_DEFINITIONS = (
					"$(inherited)",
					"DEBUG=1",
				);
				GCC_WARN_64_TO_32_BIT_CONVERSION = YES;
				GCC_WARN_ABOUT_RETURN_TYPE = YES_ERROR;
				GCC_WARN_UNDECLARED_SELECTOR = YES;
				GCC_WARN_UNINITIALIZED_AUTOS = YES_AGGRESSIVE;
				GCC_WARN_UNUSED_FUNCTION = YES;
				GCC_WARN_UNUSED_VARIABLE = YES;
				GENERATE_INFOPLIST_FILE = NO;
				IPHONEOS_DEPLOYMENT_TARGET = 26.0;
				MACOSX_DEPLOYMENT_TARGET = 26.0;
				MARKETING_VERSION = 0.12;
				MTL_ENABLE_DEBUG_INFO = INCLUDE_SOURCE;
				MTL_FAST_MATH = YES;
				ONLY_ACTIVE_ARCH = YES;
				PRODUCT_NAME = "$(TARGET_NAME)";
				SWIFT_ACTIVE_COMPILATION_CONDITIONS = DEBUG;
				SWIFT_OPTIMIZATION_LEVEL = "-Onone";
				SWIFT_VERSION = 5.9;
			};
			name = Debug;
		};
		CBA7BDA8F76FA1EBF9EE974E /* Release */ = {
			isa = XCBuildConfiguration;
			buildSettings = {
				ASSETCATALOG_COMPILER_APPICON_NAME = AppIcon;
				CODE_SIGN_ENTITLEMENTS = Apps/MopeliumMac/MopeliumMac.DeveloperID.entitlements;
				COMBINE_HIDPI_IMAGES = YES;
				GENERATE_INFOPLIST_FILE = YES;
				INFOPLIST_KEY_CFBundleDisplayName = Mopelium;
				INFOPLIST_KEY_LSApplicationCategoryType = "public.app-category.developer-tools";
				INFOPLIST_KEY_NSHumanReadableCopyright = "Copyright © 2026 Mopelium contributors. See NOTICE.md.";
				LD_RUNPATH_SEARCH_PATHS = (
					"$(inherited)",
					"@executable_path/../Frameworks",
				);
				PRODUCT_BUNDLE_IDENTIFIER = com.Vita0818.MopeliumMac;
				SDKROOT = macosx;
			};
			name = Release;
		};
/* End XCBuildConfiguration section */

/* Begin XCConfigurationList section */
		2C5FDFBFB17522754A052C51 /* Build configuration list for PBXNativeTarget "MopeliumMac" */ = {
			isa = XCConfigurationList;
			buildConfigurations = (
				2AEB1B2F559794208B004E2F /* Debug */,
				CBA7BDA8F76FA1EBF9EE974E /* Release */,
			);
			defaultConfigurationIsVisible = 0;
			defaultConfigurationName = Debug;
		};
		5D7DA4ED04398B774794E728 /* Build configuration list for PBXProject "Mopelium" */ = {
			isa = XCConfigurationList;
			buildConfigurations = (
				BB96B53CFBA23E96D8711D05 /* Debug */,
				07BCD9C792C9EC5C8D89FD5B /* Release */,
			);
			defaultConfigurationIsVisible = 0;
			defaultConfigurationName = Debug;
		};
		743C03E7EF8978F6963E2602 /* Build configuration list for PBXNativeTarget "MopeliumiOS" */ = {
			isa = XCConfigurationList;
			buildConfigurations = (
				85BEFC5DEC4311D124C02674 /* Debug */,
				6F620BEBD7B93D59660AF169 /* Release */,
			);
			defaultConfigurationIsVisible = 0;
			defaultConfigurationName = Debug;
		};
/* End XCConfigurationList section */

/* Begin XCLocalSwiftPackageReference section */
		B852B815446C431020EB02EE /* XCLocalSwiftPackageReference "." */ = {
			isa = XCLocalSwiftPackageReference;
			relativePath = .;
		};
/* End XCLocalSwiftPackageReference section */

/* Begin XCSwiftPackageProductDependency section */
		00CC44DD55E6240529B0BA4E /* MopeliumProtocol */ = {
			isa = XCSwiftPackageProductDependency;
			productName = MopeliumProtocol;
		};
		1254D3C4DF3E10040DE777B2 /* MopeliumAgentKernel */ = {
			isa = XCSwiftPackageProductDependency;
			productName = MopeliumAgentKernel;
		};
		13A6FDC6E7E37C60BE2AD518 /* MopeliumProviders */ = {
			isa = XCSwiftPackageProductDependency;
			productName = MopeliumProviders;
		};
		2CED2D9B18DB0763B83FB96C /* MopeliumArtifacts */ = {
			isa = XCSwiftPackageProductDependency;
			productName = MopeliumArtifacts;
		};
		46D28E6C1B62478039B0BE2B /* MopeliumProtocol */ = {
			isa = XCSwiftPackageProductDependency;
			productName = MopeliumProtocol;
		};
		4A28F7B2814740F8E664E07A /* MopeliumSharedUI */ = {
			isa = XCSwiftPackageProductDependency;
			productName = MopeliumSharedUI;
		};
		5087FDB1CD6C6569B39F1723 /* MopeliumProviders */ = {
			isa = XCSwiftPackageProductDependency;
			productName = MopeliumProviders;
		};
		7671BC9609B3A0339B3DA830 /* MopeliumMultimodal */ = {
			isa = XCSwiftPackageProductDependency;
			productName = MopeliumMultimodal;
		};
		8A7A61A39CC2703718080561 /* MopeliumConversation */ = {
			isa = XCSwiftPackageProductDependency;
			productName = MopeliumConversation;
		};
		95811639273B2BC9D1395FB2 /* MopeliumCore */ = {
			isa = XCSwiftPackageProductDependency;
			productName = MopeliumCore;
		};
		A941CD5FFBB736770F9ED3D4 /* MopeliumMultimodal */ = {
			isa = XCSwiftPackageProductDependency;
			productName = MopeliumMultimodal;
		};
		C12BA0CC7547DB7648E741B4 /* MopeliumArtifacts */ = {
			isa = XCSwiftPackageProductDependency;
			productName = MopeliumArtifacts;
		};
		C2DAF596DAB876CF435370C9 /* MopeliumTools */ = {
			isa = XCSwiftPackageProductDependency;
			productName = MopeliumTools;
		};
		C80EF403258D4BF6002D9883 /* MopeliumSharedUI */ = {
			isa = XCSwiftPackageProductDependency;
			productName = MopeliumSharedUI;
		};
		D40715313A2698AE8A0CC931 /* MopeliumConversation */ = {
			isa = XCSwiftPackageProductDependency;
			productName = MopeliumConversation;
		};
		DD92F26B302B4C4E97B2D295 /* MopeliumPermission */ = {
			isa = XCSwiftPackageProductDependency;
			productName = MopeliumPermission;
		};
		E93600A5543EF9CE814B024C /* MopeliumCore */ = {
			isa = XCSwiftPackageProductDependency;
			productName = MopeliumCore;
		};
		F77C31409CA21575B5B2431B /* MopeliumCowork */ = {
			isa = XCSwiftPackageProductDependency;
			productName = MopeliumCowork;
		};
/* End XCSwiftPackageProductDependency section */
	};
	rootObject = 9B25C0FD0AB46E6132DC036B /* Project object */;
}
